# THIS IS AN AUTOGENERATED FILE. DO NOT EDIT THIS FILE DIRECTLY.
# yarn lockfile v1


"@react-native-firebase/crashlytics@^18.7.3":
  version "18.7.3"
  resolved "https://registry.yarnpkg.com/@react-native-firebase/crashlytics/-/crashlytics-18.7.3.tgz#44248e8dc6eda9c71e50333407e4e96290d5cf1b"
  integrity sha512-4deBolsDUDZGIunZ/MAXVTO3m9xoHae6kuEQqIg2QJqemOaAixwnAhttwyuUQtRly0X0wC9N6wGKIbyOKUQ8rg==
  dependencies:
    stacktrace-js "^2.0.2"

"@types/prop-types@*":
  version "15.7.11"
  resolved "https://registry.yarnpkg.com/@types/prop-types/-/prop-types-15.7.11.tgz#2596fb352ee96a1379c657734d4b913a613ad563"
  integrity sha512-ga8y9v9uyeiLdpKddhxYQkxNDrfvuPrlFb0N1qnZZByvcElJaXthF1UhvCh9TLWJBEHeNtdnbysW7Y6Uq8CVng==

"@types/react@^18.2.47":
  version "18.2.47"
  resolved "https://registry.yarnpkg.com/@types/react/-/react-18.2.47.tgz#85074b27ab563df01fbc3f68dc64bf7050b0af40"
  integrity sha512-xquNkkOirwyCgoClNk85BjP+aqnIS+ckAJ8i37gAbDs14jfW/J23f2GItAf33oiUPQnqNMALiFeoM9Y5mbjpVQ==
  dependencies:
    "@types/prop-types" "*"
    "@types/scheduler" "*"
    csstype "^3.0.2"

"@types/scheduler@*":
  version "0.16.8"
  resolved "https://registry.yarnpkg.com/@types/scheduler/-/scheduler-0.16.8.tgz#ce5ace04cfeabe7ef87c0091e50752e36707deff"
  integrity sha512-WZLiwShhwLRmeV6zH+GkbOFT6Z6VklCItrDioxUnv+u4Ll+8vKeFySoFyK/0ctcRpOmwAicELfmys1sDc/Rw+A==

csstype@^3.0.2:
  version "3.1.3"
  resolved "https://registry.yarnpkg.com/csstype/-/csstype-3.1.3.tgz#d80ff294d114fb0e6ac500fbf85b60137d7eff81"
  integrity sha512-M1uQkMl8rQK/szD0LNhtqxIPLpimGm8sOBwU7lLnCpSbTyY3yeU1Vc7l4KT5zT4s/yOxHH5O7tIuuLOCnLADRw==

error-stack-parser@^2.0.6:
  version "2.1.4"
  resolved "https://registry.yarnpkg.com/error-stack-parser/-/error-stack-parser-2.1.4.tgz#229cb01cdbfa84440bfa91876285b94680188286"
  integrity sha512-Sk5V6wVazPhq5MhpO+AUxJn5x7XSXGl1R93Vn7i+zS15KDVxQijejNCrz8340/2bgLBjR9GtEG8ZVKONDjcqGQ==
  dependencies:
    stackframe "^1.3.4"

source-map@0.5.6:
  version "0.5.6"
  resolved "https://registry.yarnpkg.com/source-map/-/source-map-0.5.6.tgz#75ce38f52bf0733c5a7f0c118d81334a2bb5f412"
  integrity sha512-MjZkVp0NHr5+TPihLcadqnlVoGIoWo4IBHptutGh9wI3ttUYvCG26HkSuDi+K6lsZ25syXJXcctwgyVCt//xqA==

stack-generator@^2.0.5:
  version "2.0.10"
  resolved "https://registry.yarnpkg.com/stack-generator/-/stack-generator-2.0.10.tgz#8ae171e985ed62287d4f1ed55a1633b3fb53bb4d"
  integrity sha512-mwnua/hkqM6pF4k8SnmZ2zfETsRUpWXREfA/goT8SLCV4iOFa4bzOX2nDipWAZFPTjLvQB82f5yaodMVhK0yJQ==
  dependencies:
    stackframe "^1.3.4"

stackframe@^1.3.4:
  version "1.3.4"
  resolved "https://registry.yarnpkg.com/stackframe/-/stackframe-1.3.4.tgz#b881a004c8c149a5e8efef37d51b16e412943310"
  integrity sha512-oeVtt7eWQS+Na6F//S4kJ2K2VbRlS9D43mAlMyVpVWovy9o+jfgH8O9agzANzaiLjclA0oYzUXEM4PurhSUChw==

stacktrace-gps@^3.0.4:
  version "3.1.2"
  resolved "https://registry.yarnpkg.com/stacktrace-gps/-/stacktrace-gps-3.1.2.tgz#0c40b24a9b119b20da4525c398795338966a2fb0"
  integrity sha512-GcUgbO4Jsqqg6RxfyTHFiPxdPqF+3LFmQhm7MgCuYQOYuWyqxo5pwRPz5d/u6/WYJdEnWfK4r+jGbyD8TSggXQ==
  dependencies:
    source-map "0.5.6"
    stackframe "^1.3.4"

stacktrace-js@^2.0.2:
  version "2.0.2"
  resolved "https://registry.yarnpkg.com/stacktrace-js/-/stacktrace-js-2.0.2.tgz#4ca93ea9f494752d55709a081d400fdaebee897b"
  integrity sha512-Je5vBeY4S1r/RnLydLl0TBTi3F2qdfWmYsGvtfZgEI+SCprPppaIhQf5nGcal4gI4cGpCV/duLcAzT1np6sQqg==
  dependencies:
    error-stack-parser "^2.0.6"
    stack-generator "^2.0.5"
    stacktrace-gps "^3.0.4"

typescript@^5.3.2:
  version "5.3.3"
  resolved "https://registry.yarnpkg.com/typescript/-/typescript-5.3.3.tgz#b3ce6ba258e72e6305ba66f5c9b452aaee3ffe37"
  integrity sha512-pXWcraxM0uxAS+tN0AG/BF2TyqmHO014Z070UsJ+pFvYuRSq8KH8DmWpnbXe0pEPDHXZV3FcAbJkijJ5oNEnWw==
